
Microsoft Visual Studio Solution File, Format Version 12.00
# Visual Studio Version 16
VisualStudioVersion = 16.0.31205.134
MinimumVisualStudioVersion = 10.0.40219.1
Project("{FAE04EC0-301F-11D3-BF4B-00C04F79EFBC}") = "CountPairsChallenge", "CountPairsChallenge.csproj", "{2A5053DC-F1E9-4341-889A-EC49CAD79577}"
EndProject
Global
	GlobalSection(SolutionConfigurationPlatforms) = preSolution
		Debug|Any CPU = Debug|Any CPU
		Release|Any CPU = Release|Any CPU
	EndGlobalSection
	GlobalSection(ProjectConfigurationPlatforms) = postSolution
		{2A5053DC-F1E9-4341-889A-EC49CAD79577}.Debug|Any CPU.ActiveCfg = Debug|Any CPU
		{2A5053DC-F1E9-4341-889A-EC49CAD79577}.Debug|Any CPU.Build.0 = Debug|Any CPU
		{2A5053DC-F1E9-4341-889A-EC49CAD79577}.Release|Any CPU.ActiveCfg = Release|Any CPU
		{2A5053DC-F1E9-4341-889A-EC49CAD79577}.Release|Any CPU.Build.0 = Release|Any CPU
	EndGlobalSection
	GlobalSection(SolutionProperties) = preSolution
		HideSolutionNode = FALSE
	EndGlobalSection
	GlobalSection(ExtensibilityGlobals) = postSolution
		SolutionGuid = {15C6C167-C8C8-4F68-B7B6-8FEF3877B19E}
	EndGlobalSection
EndGlobal
